
Microsoft Visual Studio Solution File, Format Version 12.00
# Visual Studio Version 16
VisualStudioVersion = 16.0.29905.134
MinimumVisualStudioVersion = 10.0.40219.1
Project("{FAE04EC0-301F-11D3-BF4B-00C04F79EFBC}") = "Level2", "Level2\Level2.csproj", "{A6E8CEE7-376A-4B28-AAAC-38503EC4F7C8}"
EndProject
Global
	GlobalSection(SolutionConfigurationPlatforms) = preSolution
		Debug|Any CPU = Debug|Any CPU
		Release|Any CPU = Release|Any CPU
	EndGlobalSection
	GlobalSection(ProjectConfigurationPlatforms) = postSolution
		{A6E8CEE7-376A-4B28-AAAC-38503EC4F7C8}.Debug|Any CPU.ActiveCfg = Debug|Any CPU
		{A6E8CEE7-376A-4B28-AAAC-38503EC4F7C8}.Debug|Any CPU.Build.0 = Debug|Any CPU
		{A6E8CEE7-376A-4B28-AAAC-38503EC4F7C8}.Release|Any CPU.ActiveCfg = Release|Any CPU
		{A6E8CEE7-376A-4B28-AAAC-38503EC4F7C8}.Release|Any CPU.Build.0 = Release|Any CPU
	EndGlobalSection
	GlobalSection(SolutionProperties) = preSolution
		HideSolutionNode = FALSE
	EndGlobalSection
	GlobalSection(ExtensibilityGlobals) = postSolution
		SolutionGuid = {E478CBFA-06F8-4DDE-A125-6A5641195B13}
	EndGlobalSection
EndGlobal
